
Microsoft Visual Studio Solution File, Format Version 12.00
# Visual Studio Version 16
VisualStudioVersion = 16.0.31727.386
MinimumVisualStudioVersion = 10.0.40219.1
Project("{FAE04EC0-301F-11D3-BF4B-00C04F79EFBC}") = "PM2E122.Android", "PM2E122\PM2E122.Android\PM2E122.Android.csproj", "{8D66B4C4-ABFA-4C2F-988A-3D80B419B66C}"
EndProject
Project("{FAE04EC0-301F-11D3-BF4B-00C04F79EFBC}") = "PM2E122.iOS", "PM2E122\PM2E122.iOS\PM2E122.iOS.csproj", "{73A124CC-8BFA-4244-80FC-702D346697E1}"
EndProject
Project("{FAE04EC0-301F-11D3-BF4B-00C04F79EFBC}") = "PM2E122", "PM2E122\PM2E122\PM2E122.csproj", "{74493E0B-95BB-4542-A8A5-F709742682B8}"
EndProject
Global
	GlobalSection(SolutionConfigurationPlatforms) = preSolution
		Debug|Any CPU = Debug|Any CPU
		Debug|iPhone = Debug|iPhone
		Debug|iPhoneSimulator = Debug|iPhoneSimulator
		Release|Any CPU = Release|Any CPU
		Release|iPhone = Release|iPhone
		Release|iPhoneSimulator = Release|iPhoneSimulator
	EndGlobalSection
	GlobalSection(ProjectConfigurationPlatforms) = postSolution
		{8D66B4C4-ABFA-4C2F-988A-3D80B419B66C}.Debug|Any CPU.ActiveCfg = Debug|Any CPU
		{8D66B4C4-ABFA-4C2F-988A-3D80B419B66C}.Debug|Any CPU.Build.0 = Debug|Any CPU
		{8D66B4C4-ABFA-4C2F-988A-3D80B419B66C}.Debug|Any CPU.Deploy.0 = Debug|Any CPU
		{8D66B4C4-ABFA-4C2F-988A-3D80B419B66C}.Debug|iPhone.ActiveCfg = Debug|Any CPU
		{8D66B4C4-ABFA-4C2F-988A-3D80B419B66C}.Debug|iPhone.Build.0 = Debug|Any CPU
		{8D66B4C4-ABFA-4C2F-988A-3D80B419B66C}.Debug|iPhone.Deploy.0 = Debug|Any CPU
		{8D66B4C4-ABFA-4C2F-988A-3D80B419B66C}.Debug|iPhoneSimulator.ActiveCfg = Debug|Any CPU
		{8D66B4C4-ABFA-4C2F-988A-3D80B419B66C}.Debug|iPhoneSimulator.Build.0 = Debug|Any CPU
		{8D66B4C4-ABFA-4C2F-988A-3D80B419B66C}.Debug|iPhoneSimulator.Deploy.0 = Debug|Any CPU
		{8D66B4C4-ABFA-4C2F-988A-3D80B419B66C}.Release|Any CPU.ActiveCfg = Release|Any CPU
		{8D66B4C4-ABFA-4C2F-988A-3D80B419B66C}.Release|Any CPU.Build.0 = Release|Any CPU
		{8D66B4C4-ABFA-4C2F-988A-3D80B419B66C}.Release|Any CPU.Deploy.0 = Release|Any CPU
		{8D66B4C4-ABFA-4C2F-988A-3D80B419B66C}.Release|iPhone.ActiveCfg = Release|Any CPU
		{8D66B4C4-ABFA-4C2F-988A-3D80B419B66C}.Release|iPhone.Build.0 = Release|Any CPU
		{8D66B4C4-ABFA-4C2F-988A-3D80B419B66C}.Release|iPhone.Deploy.0 = Release|Any CPU
		{8D66B4C4-ABFA-4C2F-988A-3D80B419B66C}.Release|iPhoneSimulator.ActiveCfg = Release|Any CPU
		{8D66B4C4-ABFA-4C2F-988A-3D80B419B66C}.Release|iPhoneSimulator.Build.0 = Release|Any CPU
		{8D66B4C4-ABFA-4C2F-988A-3D80B419B66C}.Release|iPhoneSimulator.Deploy.0 = Release|Any CPU
		{73A124CC-8BFA-4244-80FC-702D346697E1}.Debug|Any CPU.ActiveCfg = Debug|iPhone
		{73A124CC-8BFA-4244-80FC-702D346697E1}.Debug|Any CPU.Build.0 = Debug|iPhone
		{73A124CC-8BFA-4244-80FC-702D346697E1}.Debug|Any CPU.Deploy.0 = Debug|iPhone
		{73A124CC-8BFA-4244-80FC-702D346697E1}.Debug|iPhone.ActiveCfg = Debug|iPhone
		{73A124CC-8BFA-4244-80FC-702D346697E1}.Debug|iPhone.Build.0 = Debug|iPhone
		{73A124CC-8BFA-4244-80FC-702D346697E1}.Debug|iPhone.Deploy.0 = Debug|iPhone
		{73A124CC-8BFA-4244-80FC-702D346697E1}.Debug|iPhoneSimulator.ActiveCfg = Debug|iPhoneSimulator
		{73A124CC-8BFA-4244-80FC-702D346697E1}.Debug|iPhoneSimulator.Build.0 = Debug|iPhoneSimulator
		{73A124CC-8BFA-4244-80FC-702D346697E1}.Debug|iPhoneSimulator.Deploy.0 = Debug|iPhoneSimulator
		{73A124CC-8BFA-4244-80FC-702D346697E1}.Release|Any CPU.ActiveCfg = Release|iPhoneSimulator
		{73A124CC-8BFA-4244-80FC-702D346697E1}.Release|Any CPU.Build.0 = Release|iPhoneSimulator
		{73A124CC-8BFA-4244-80FC-702D346697E1}.Release|Any CPU.Deploy.0 = Release|iPhoneSimulator
		{73A124CC-8BFA-4244-80FC-702D346697E1}.Release|iPhone.ActiveCfg = Release|iPhone
		{73A124CC-8BFA-4244-80FC-702D346697E1}.Release|iPhone.Build.0 = Release|iPhone
		{73A124CC-8BFA-4244-80FC-702D346697E1}.Release|iPhone.Deploy.0 = Release|iPhone
		{73A124CC-8BFA-4244-80FC-702D346697E1}.Release|iPhoneSimulator.ActiveCfg = Release|iPhoneSimulator
		{73A124CC-8BFA-4244-80FC-702D346697E1}.Release|iPhoneSimulator.Build.0 = Release|iPhoneSimulator
		{73A124CC-8BFA-4244-80FC-702D346697E1}.Release|iPhoneSimulator.Deploy.0 = Release|iPhoneSimulator
		{74493E0B-95BB-4542-A8A5-F709742682B8}.Debug|Any CPU.ActiveCfg = Debug|Any CPU
		{74493E0B-95BB-4542-A8A5-F709742682B8}.Debug|Any CPU.Build.0 = Debug|Any CPU
		{74493E0B-95BB-4542-A8A5-F709742682B8}.Debug|Any CPU.Deploy.0 = Debug|Any CPU
		{74493E0B-95BB-4542-A8A5-F709742682B8}.Debug|iPhone.ActiveCfg = Debug|Any CPU
		{74493E0B-95BB-4542-A8A5-F709742682B8}.Debug|iPhone.Build.0 = Debug|Any CPU
		{74493E0B-95BB-4542-A8A5-F709742682B8}.Debug|iPhone.Deploy.0 = Debug|Any CPU
		{74493E0B-95BB-4542-A8A5-F709742682B8}.Debug|iPhoneSimulator.ActiveCfg = Debug|Any CPU
		{74493E0B-95BB-4542-A8A5-F709742682B8}.Debug|iPhoneSimulator.Build.0 = Debug|Any CPU
		{74493E0B-95BB-4542-A8A5-F709742682B8}.Debug|iPhoneSimulator.Deploy.0 = Debug|Any CPU
		{74493E0B-95BB-4542-A8A5-F709742682B8}.Release|Any CPU.ActiveCfg = Release|Any CPU
		{74493E0B-95BB-4542-A8A5-F709742682B8}.Release|Any CPU.Build.0 = Release|Any CPU
		{74493E0B-95BB-4542-A8A5-F709742682B8}.Release|Any CPU.Deploy.0 = Release|Any CPU
		{74493E0B-95BB-4542-A8A5-F709742682B8}.Release|iPhone.ActiveCfg = Release|Any CPU
		{74493E0B-95BB-4542-A8A5-F709742682B8}.Release|iPhone.Build.0 = Release|Any CPU
		{74493E0B-95BB-4542-A8A5-F709742682B8}.Release|iPhone.Deploy.0 = Release|Any CPU
		{74493E0B-95BB-4542-A8A5-F709742682B8}.Release|iPhoneSimulator.ActiveCfg = Release|Any CPU
		{74493E0B-95BB-4542-A8A5-F709742682B8}.Release|iPhoneSimulator.Build.0 = Release|Any CPU
		{74493E0B-95BB-4542-A8A5-F709742682B8}.Release|iPhoneSimulator.Deploy.0 = Release|Any CPU
	EndGlobalSection
	GlobalSection(SolutionProperties) = preSolution
		HideSolutionNode = FALSE
	EndGlobalSection
	GlobalSection(ExtensibilityGlobals) = postSolution
		SolutionGuid = {481732AC-A740-4B0F-926C-553C928E83A8}
	EndGlobalSection
EndGlobal
